
Microsoft Visual Studio Solution File, Format Version 12.00
# Visual Studio Version 16
VisualStudioVersion = 16.0.32002.261
MinimumVisualStudioVersion = 10.0.40219.1
Project("{FAE04EC0-301F-11D3-BF4B-00C04F79EFBC}") = "ProjectCalendar", "ProjectCalendar\ProjectCalendar.csproj", "{DED22D5C-79AF-4E12-B03A-BC15160AED65}"
EndProject
Global
	GlobalSection(SolutionConfigurationPlatforms) = preSolution
		Debug|Any CPU = Debug|Any CPU
		Release|Any CPU = Release|Any CPU
	EndGlobalSection
	GlobalSection(ProjectConfigurationPlatforms) = postSolution
		{DED22D5C-79AF-4E12-B03A-BC15160AED65}.Debug|Any CPU.ActiveCfg = Debug|Any CPU
		{DED22D5C-79AF-4E12-B03A-BC15160AED65}.Debug|Any CPU.Build.0 = Debug|Any CPU
		{DED22D5C-79AF-4E12-B03A-BC15160AED65}.Release|Any CPU.ActiveCfg = Release|Any CPU
		{DED22D5C-79AF-4E12-B03A-BC15160AED65}.Release|Any CPU.Build.0 = Release|Any CPU
	EndGlobalSection
	GlobalSection(SolutionProperties) = preSolution
		HideSolutionNode = FALSE
	EndGlobalSection
	GlobalSection(ExtensibilityGlobals) = postSolution
		SolutionGuid = {7BAB9890-EA71-445F-A178-C5455E254D92}
	EndGlobalSection
EndGlobal
